Microsoft Visual Studio Solution File, Format Version 12.00
# Visual Studio Version 17
VisualStudioVersion = 17.0.31903.59
MinimumVisualStudioVersion = 10.0.40219.1
Project("{9A19103F-16F7-4668-BE54-9A1E7A4F7556}") = "IPlugin", "IPlugin.csproj", "{D72C6070-4A89-4973-90AE-A3A531994C9D}"
EndProject
Project("{9A19103F-16F7-4668-BE54-9A1E7A4F7556}") = "TsvnAiCommitMessage", "TsvnAiCommitMessage.csproj", "{B6242360-BAC7-41AC-A00C-33C4994F7B25}"
EndProject
Project("{2150E333-8FDC-42A3-9474-1A3956D46DE8}") = "scripts", "scripts", "{1A2B3C4D-5E6F-4A7B-8C9D-0E1F2A3B4C5D}"
	ProjectSection(SolutionItems) = preProject
		scripts\register.ps1 = scripts\register.ps1
		README.md = README.md
	EndProjectSection
EndProject
Global
	GlobalSection(SolutionConfigurationPlatforms) = preSolution
		Debug|Any CPU = Debug|Any CPU
		Release|Any CPU = Release|Any CPU
	EndGlobalSection
	GlobalSection(ProjectConfigurationPlatforms) = postSolution
		{D72C6070-4A89-4973-90AE-A3A531994C9D}.Debug|Any CPU.ActiveCfg = Debug|Any CPU
		{D72C6070-4A89-4973-90AE-A3A531994C9D}.Debug|Any CPU.Build.0 = Debug|Any CPU
		{D72C6070-4A89-4973-90AE-A3A531994C9D}.Release|Any CPU.ActiveCfg = Release|Any CPU
		{D72C6070-4A89-4973-90AE-A3A531994C9D}.Release|Any CPU.Build.0 = Release|Any CPU
		{B6242360-BAC7-41AC-A00C-33C4994F7B25}.Debug|Any CPU.ActiveCfg = Debug|Any CPU
		{B6242360-BAC7-41AC-A00C-33C4994F7B25}.Debug|Any CPU.Build.0 = Debug|Any CPU
		{B6242360-BAC7-41AC-A00C-33C4994F7B25}.Release|Any CPU.ActiveCfg = Release|Any CPU
		{B6242360-BAC7-41AC-A00C-33C4994F7B25}.Release|Any CPU.Build.0 = Release|Any CPU
	EndGlobalSection
	GlobalSection(SolutionProperties) = preSolution
		HideSolutionNode = FALSE
	EndGlobalSection
EndGlobal
